{
  "platform": {
    "version": "0.9.0"
  },
  "entries": [
    {
      "name": "Osysharp.Identity",
      "kind": "package",
      "version": "0.8.0",
      "hash": "sha256:7fadb5f2628cfd6895c44d2e88725b39055ea36c3a8276b3b345c72a931f4358",
      "minPlatform": "0.9.0",
      "shadow": "app-forkable",
      "source": "workspace:kits/identity",
      "constraint": "0"
    },
    {
      "name": "Osysharp.Sms",
      "kind": "package",
      "version": "0.4.0",
      "hash": "sha256:7c20bbc6cd397f03cbb1840c886d2ba85d64c1ef4a7c2d550c4ab605a3aa6808",
      "minPlatform": "0.9.0",
      "shadow": "app-forkable",
      "source": "workspace:kits/sms",
      "constraint": "0"
    },
    {
      "name": "Osysharp.Workflow",
      "kind": "package",
      "version": "1.0.1",
      "hash": "sha256:9f7ccf1f6dbf22b62e551b015333d41c46431491acd812fb626762531e2a97f8",
      "minPlatform": "0.9.0",
      "shadow": "app-forkable",
      "source": "workspace:Platform.Core/Dsl/OsySharp/Baseline/Capabilities/Workflow"
    }
  ],
  "bridges": {
    "searched": [
      "workspace",
      "platform"
    ],
    "skipped": [
      "github: offline \u2014 the public catalog was not searched for bridges. Run \u0060osy lock\u0060 with a network to look."
    ],
    "notIncluded": [
      {
        "name": "Osysharp.Conversations.Sms",
        "reason": "completes Osysharp.Conversations \u002B Osysharp.Sms, and this app does not use \u0060Osysharp.Conversations\u0060."
      },
      {
        "name": "Osysharp.Privacy.Sms",
        "reason": "completes Osysharp.Privacy \u002B Osysharp.Sms, and this app does not use \u0060Osysharp.Privacy\u0060."
      }
    ]
  }
}